{"1.1.0",
[{<<"cf">>,{pkg,<<"cf">>,<<"0.3.1">>},2},
 {<<"cowboy">>,
  {git,"https://github.com/ninenines/cowboy",
       {ref,"70d393caad3997068f0e14906d9c1bd49258d7fb"}},
  0},
 {<<"cowlib">>,
  {git,"https://github.com/ninenines/cowlib",
       {ref,"1b5539a1da1d39b110d81b118000f00bbedaf4b4"}},
  1},
 {<<"erlware_commons">>,
  {git,"https://github.com/mikeyhc/erlware_commons",
       {ref,"c8a69b88c771855bc0388900a26eb51737448bc2"}},
  1},
 {<<"qdate">>,
  {git,"https://github.com/mikeyhc/qdate",
       {ref,"6b6f24b1870d708369a962631b83aa5d3803f0a9"}},
  0},
 {<<"qdate_localtime">>,{pkg,<<"qdate_localtime">>,<<"1.1.0">>},1},
 {<<"ranch">>,
  {git,"https://github.com/ninenines/ranch",
       {ref,"3190aef88aea04d6dce8545fe9b4574288903f44"}},
  1}]}.
[
{pkg_hash,[
 {<<"cf">>, <<"5CB902239476E141EA70A740340233782D363A31EEA8AD37049561542E6CD641">>},
 {<<"qdate_localtime">>, <<"5F6C3ACF10ECC5A7E2EFA3DCD2C863102B962188DBD9E086EC01D29FE029DA29">>}]}
].
